
Microsoft Visual Studio Solution File, Format Version 12.00
# Visual Studio 14
VisualStudioVersion = 14.0.25123.0
MinimumVisualStudioVersion = 10.0.40219.1
Project("{FAE04EC0-301F-11D3-BF4B-00C04F79EFBC}") = "Drinking Vending Machine Simulator", "Drinking Vending Machine Simulator\Drinking Vending Machine Simulator.csproj", "{AB97068C-B712-4668-8115-77569D3F3D87}"
EndProject
Global
	GlobalSection(SolutionConfigurationPlatforms) = preSolution
		Debug|Any CPU = Debug|Any CPU
		Release|Any CPU = Release|Any CPU
	EndGlobalSection
	GlobalSection(ProjectConfigurationPlatforms) = postSolution
		{AB97068C-B712-4668-8115-77569D3F3D87}.Debug|Any CPU.ActiveCfg = Debug|Any CPU
		{AB97068C-B712-4668-8115-77569D3F3D87}.Debug|Any CPU.Build.0 = Debug|Any CPU
		{AB97068C-B712-4668-8115-77569D3F3D87}.Release|Any CPU.ActiveCfg = Release|Any CPU
		{AB97068C-B712-4668-8115-77569D3F3D87}.Release|Any CPU.Build.0 = Release|Any CPU
	EndGlobalSection
	GlobalSection(SolutionProperties) = preSolution
		HideSolutionNode = FALSE
	EndGlobalSection
EndGlobal
